{
  "name": "bootstrap-toaster",
  "version": "5.0.0-rc4",
  "lockfileVersion": 1,
  "requires": true,
  "dependencies": {
    "bootstrap": {
      "version": "5.0.0-beta1",
      "resolved": "https://registry.npmjs.org/bootstrap/-/bootstrap-5.0.0-beta1.tgz",
      "integrity": "sha512-UrHApw/WRmT7l2rlDdn5iXr7Jps/LlMZtJlLn9G41aGDfss48hyDeYyHtX1C6NHKVcmdUarGG+ve0LZB5iHyTQ=="
    },
    "bootstrap-icons": {
      "version": "1.3.0",
      "resolved": "https://registry.npmjs.org/bootstrap-icons/-/bootstrap-icons-1.3.0.tgz",
      "integrity": "sha512-w6zQ93p626zmPDqDtET7VdB9EkoDtfmCBV53hunjntoCke6X5LafXf6TxPAP+ImjRAhhxAyA/sjzQnHBY0uoiQ=="
    }
  }
}
