{
  "name": "bootstrap-toaster",
  "version": "5.0.0-rc1",
  "lockfileVersion": 1,
  "requires": true,
  "dependencies": {
    "@fortawesome/fontawesome-free": {
      "version": "5.15.1",
      "resolved": "https://registry.npmjs.org/@fortawesome/fontawesome-free/-/fontawesome-free-5.15.1.tgz",
      "integrity": "sha512-OEdH7SyC1suTdhBGW91/zBfR6qaIhThbcN8PUXtXilY4GYnSBbVqOntdHbC1vXwsDnX0Qix2m2+DSU1J51ybOQ=="
    },
    "bootstrap": {
      "version": "5.0.0-beta1",
      "resolved": "https://registry.npmjs.org/bootstrap/-/bootstrap-5.0.0-beta1.tgz",
      "integrity": "sha512-UrHApw/WRmT7l2rlDdn5iXr7Jps/LlMZtJlLn9G41aGDfss48hyDeYyHtX1C6NHKVcmdUarGG+ve0LZB5iHyTQ=="
    }
  }
}
